// !$*UTF8*$!
{
	archiveVersion = 1;
	classes = {
	};
	objectVersion = 46;
	objects = {

/* Begin PBXBuildFile section */
		D8BBCB511CB6017300D42CAA /* AppDelegate.swift in Sources */ = {isa = PBXBuildFile; fileRef = D8BBCB501CB6017300D42CAA /* AppDelegate.swift */; };
		D8BBCB531CB6017300D42CAA /* ViewController.swift in Sources */ = {isa = PBXBuildFile; fileRef = D8BBCB521CB6017300D42CAA /* ViewController.swift */; };
		D8BBCB561CB6017300D42CAA /* Main.storyboard in Resources */ = {isa = PBXBuildFile; fileRef = D8BBCB541CB6017300D42CAA /* Main.storyboard */; };
		D8BBCB581CB6017300D42CAA /* Assets.xcassets in Resources */ = {isa = PBXBuildFile; fileRef = D8BBCB571CB6017300D42CAA /* Assets.xcassets */; };
		D8BBCB5B1CB6017300D42CAA /* LaunchScreen.storyboard in Resources */ = {isa = PBXBuildFile; fileRef = D8BBCB591CB6017300D42CAA /* LaunchScreen.storyboard */; };
		D8BBCB661CB6017300D42CAA /* HelloWorldTests.swift in Sources */ = {isa = PBXBuildFile; fileRef = D8BBCB651CB6017300D42CAA /* HelloWorldTests.swift */; };
		D8BBCB711CB6017400D42CAA /* HelloWorldUITests.swift in Sources */ = {isa = PBXBuildFile; fileRef = D8BBCB701CB6017400D42CAA /* HelloWorldUITests.swift */; };
/* End PBXBuildFile section */

/* Begin PBXContainerItemProxy section */
		D8BBCB621CB6017300D42CAA /* PBXContainerItemProxy */ = {
			isa = PBXContainerItemProxy;
			containerPortal = D8BBCB451CB6017300D42CAA /* Project object */;
			proxyType = 1;
			remoteGlobalIDString = D8BBCB4C1CB6017300D42CAA;
			remoteInfo = HelloWorld;
		};
		D8BBCB6D1CB6017400D42CAA /* PBXContainerItemProxy */ = {
			isa = PBXContainerItemProxy;
			containerPortal = D8BBCB451CB6017300D42CAA /* Project object */;
			proxyType = 1;
			remoteGlobalIDString = D8BBCB4C1CB6017300D42CAA;
			remoteInfo = HelloWorld;
		};
/* End PBXContainerItemProxy section */

/* Begin PBXFileReference section */
		D86F22DC1CB60703001B3BE3 /* en */ = {isa = PBXFileReference; lastKnownFileType = text.plist.strings; name = en; path = en.lproj/Main.strings; sourceTree = "<group>"; };
		D8BBCB4D1CB6017300D42CAA /* HelloWorld.app */ = {isa = PBXFileReference; explicitFileType = wrapper.application; includeInIndex = 0; path = HelloWorld.app; sourceTree = BUILT_PRODUCTS_DIR; };
		D8BBCB501CB6017300D42CAA /* AppDelegate.swift */ = {isa = PBXFileReference; lastKnownFileType = sourcecode.swift; path = AppDelegate.swift; sourceTree = "<group>"; };
		D8BBCB521CB6017300D42CAA /* ViewController.swift */ = {isa = PBXFileReference; lastKnownFileType = sourcecode.swift; path = ViewController.swift; sourceTree = "<group>"; };
		D8BBCB551CB6017300D42CAA /* Base */ = {isa = PBXFileReference; lastKnownFileType = file.storyboard; name = Base; path = Base.lproj/Main.storyboard; sourceTree = "<group>"; };
		D8BBCB571CB6017300D42CAA /* Assets.xcassets */ = {isa = PBXFileReference; lastKnownFileType = folder.assetcatalog; path = Assets.xcassets; sourceTree = "<group>"; };
		D8BBCB5A1CB6017300D42CAA /* Base */ = {isa = PBXFileReference; lastKnownFileType = file.storyboard; name = Base; path = Base.lproj/LaunchScreen.storyboard; sourceTree = "<group>"; };
		D8BBCB5C1CB6017300D42CAA /* Info.plist */ = {isa = PBXFileReference; lastKnownFileType = text.plist.xml; path = Info.plist; sourceTree = "<group>"; };
		D8BBCB611CB6017300D42CAA /* HelloWorldTests.xctest */ = {isa = PBXFileReference; explicitFileType = wrapper.cfbundle; includeInIndex = 0; path = HelloWorldTests.xctest; sourceTree = BUILT_PRODUCTS_DIR; };
		D8BBCB651CB6017300D42CAA /* HelloWorldTests.swift */ = {isa = PBXFileReference; lastKnownFileType = sourcecode.swift; path = HelloWorldTests.swift; sourceTree = "<group>"; };
		D8BBCB671CB6017300D42CAA /* Info.plist */ = {isa = PBXFileReference; lastKnownFileType = text.plist.xml; path = Info.plist; sourceTree = "<group>"; };
		D8BBCB6C1CB6017400D42CAA /* HelloWorldUITests.xctest */ = {isa = PBXFileReference; explicitFileType = wrapper.cfbundle; includeInIndex = 0; path = HelloWorldUITests.xctest; sourceTree = BUILT_PRODUCTS_DIR; };
		D8BBCB701CB6017400D42CAA /* HelloWorldUITests.swift */ = {isa = PBXFileReference; lastKnownFileType = sourcecode.swift; path = HelloWorldUITests.swift; sourceTree = "<group>"; };
		D8BBCB721CB6017400D42CAA /* Info.plist */ = {isa = PBXFileReference; lastKnownFileType = text.plist.xml; path = Info.plist; sourceTree = "<group>"; };
/* End PBXFileReference section */

/* Begin PBXFrameworksBuildPhase section */
		D8BBCB4A1CB6017300D42CAA /* Frameworks */ = {
			isa = PBXFrameworksBuildPhase;
			buildActionMask = 2147483647;
			files = (
			);
			runOnlyForDeploymentPostprocessing = 0;
		};
		D8BBCB5E1CB6017300D42CAA /* Frameworks */ = {
			isa = PBXFrameworksBuildPhase;
			buildActionMask = 2147483647;
			files = (
			);
			runOnlyForDeploymentPostprocessing = 0;
		};
		D8BBCB691CB6017400D42CAA /* Frameworks */ = {
			isa = PBXFrameworksBuildPhase;
			buildActionMask = 2147483647;
			files = (
			);
			runOnlyForDeploymentPostprocessing = 0;
		};
/* End PBXFrameworksBuildPhase section */

/* Begin PBXGroup section */
		D8BBCB441CB6017300D42CAA = {
			isa = PBXGroup;
			children = (
				D8BBCB4F1CB6017300D42CAA /* HelloWorld */,
				D8BBCB641CB6017300D42CAA /* HelloWorldTests */,
				D8BBCB6F1CB6017400D42CAA /* HelloWorldUITests */,
				D8BBCB4E1CB6017300D42CAA /* Products */,
			);
			sourceTree = "<group>";
			usesTabs = 0;
		};
		D8BBCB4E1CB6017300D42CAA /* Products */ = {
			isa = PBXGroup;
			children = (
				D8BBCB4D1CB6017300D42CAA /* HelloWorld.app */,
				D8BBCB611CB6017300D42CAA /* HelloWorldTests.xctest */,
				D8BBCB6C1CB6017400D42CAA /* HelloWorldUITests.xctest */,
			);
			name = Products;
			sourceTree = "<group>";
		};
		D8BBCB4F1CB6017300D42CAA /* HelloWorld */ = {
			isa = PBXGroup;
			children = (
				D8BBCB501CB6017300D42CAA /* AppDelegate.swift */,
				D8BBCB521CB6017300D42CAA /* ViewController.swift */,
				D8BBCB541CB6017300D42CAA /* Main.storyboard */,
				D8BBCB571CB6017300D42CAA /* Assets.xcassets */,
				D8BBCB591CB6017300D42CAA /* LaunchScreen.storyboard */,
				D8BBCB5C1CB6017300D42CAA /* Info.plist */,
			);
			path = HelloWorld;
			sourceTree = "<group>";
		};
		D8BBCB641CB6017300D42CAA /* HelloWorldTests */ = {
			isa = PBXGroup;
			children = (
				D8BBCB651CB6017300D42CAA /* HelloWorldTests.swift */,
				D8BBCB671CB6017300D42CAA /* Info.plist */,
			);
			path = HelloWorldTests;
			sourceTree = "<group>";
		};
		D8BBCB6F1CB6017400D42CAA /* HelloWorldUITests */ = {
			isa = PBXGroup;
			children = (
				D8BBCB701CB6017400D42CAA /* HelloWorldUITests.swift */,
				D8BBCB721CB6017400D42CAA /* Info.plist */,
			);
			path = HelloWorldUITests;
			sourceTree = "<group>";
		};
/* End PBXGroup section */

/* Begin PBXNativeTarget section */
		D8BBCB4C1CB6017300D42CAA /* HelloWorld */ = {
			isa = PBXNativeTarget;
			buildConfigurationList = D8BBCB751CB6017400D42CAA /* Build configuration list for PBXNativeTarget "HelloWorld" */;
			buildPhases = (
				D8BBCB491CB6017300D42CAA /* Sources */,
				D8BBCB4A1CB6017300D42CAA /* Frameworks */,
				D8BBCB4B1CB6017300D42CAA /* Resources */,
			);
			buildRules = (
			);
			dependencies = (
			);
			name = HelloWorld;
			productName = HelloWorld;
			productReference = D8BBCB4D1CB6017300D42CAA /* HelloWorld.app */;
			productType = "com.apple.product-type.application";
		};
		D8BBCB601CB6017300D42CAA /* HelloWorldTests */ = {
			isa = PBXNativeTarget;
			buildConfigurationList = D8BBCB781CB6017400D42CAA /* Build configuration list for PBXNativeTarget "HelloWorldTests" */;
			buildPhases = (
				D8BBCB5D1CB6017300D42CAA /* Sources */,
				D8BBCB5E1CB6017300D42CAA /* Frameworks */,
				D8BBCB5F1CB6017300D42CAA /* Resources */,
			);
			buildRules = (
			);
			dependencies = (
				D8BBCB631CB6017300D42CAA /* PBXTargetDependency */,
			);
			name = HelloWorldTests;
			productName = HelloWorldTests;
			productReference = D8BBCB611CB6017300D42CAA /* HelloWorldTests.xctest */;
			productType = "com.apple.product-type.bundle.unit-test";
		};
		D8BBCB6B1CB6017400D42CAA /* HelloWorldUITests */ = {
			isa = PBXNativeTarget;
			buildConfigurationList = D8BBCB7B1CB6017400D42CAA /* Build configuration list for PBXNativeTarget "HelloWorldUITests" */;
			buildPhases = (
				D8BBCB681CB6017400D42CAA /* Sources */,
				D8BBCB691CB6017400D42CAA /* Frameworks */,
				D8BBCB6A1CB6017400D42CAA /* Resources */,
			);
			buildRules = (
			);
			dependencies = (
				D8BBCB6E1CB6017400D42CAA /* PBXTargetDependency */,
			);
			name = HelloWorldUITests;
			productName = HelloWorldUITests;
			productReference = D8BBCB6C1CB6017400D42CAA /* HelloWorldUITests.xctest */;
			productType = "com.apple.product-type.bundle.ui-testing";
		};
/* End PBXNativeTarget section */

/* Begin PBXProject section */
		D8BBCB451CB6017300D42CAA /* Project object */ = {
			isa = PBXProject;
			attributes = {
				LastSwiftUpdateCheck = 0730;
				LastUpgradeCheck = 0730;
				ORGANIZATIONNAME = Manao;
				TargetAttributes = {
					D8BBCB4C1CB6017300D42CAA = {
						CreatedOnToolsVersion = 7.3;
					};
					D8BBCB601CB6017300D42CAA = {
						CreatedOnToolsVersion = 7.3;
						TestTargetID = D8BBCB4C1CB6017300D42CAA;
					};
					D8BBCB6B1CB6017400D42CAA = {
						CreatedOnToolsVersion = 7.3;
						TestTargetID = D8BBCB4C1CB6017300D42CAA;
					};
				};
			};
			buildConfigurationList = D8BBCB481CB6017300D42CAA /* Build configuration list for PBXProject "HelloWorld" */;
			compatibilityVersion = "Xcode 3.2";
			developmentRegion = English;
			hasScannedForEncodings = 0;
			knownRegions = (
				en,
				Base,
			);
			mainGroup = D8BBCB441CB6017300D42CAA;
			productRefGroup = D8BBCB4E1CB6017300D42CAA /* Products */;
			projectDirPath = "";
			projectRoot = "";
			targets = (
				D8BBCB4C1CB6017300D42CAA /* HelloWorld */,
				D8BBCB601CB6017300D42CAA /* HelloWorldTests */,
				D8BBCB6B1CB6017400D42CAA /* HelloWorldUITests */,
			);
		};
/* End PBXProject section */

/* Begin PBXResourcesBuildPhase section */
		D8BBCB4B1CB6017300D42CAA /* Resources */ = {
			isa = PBXResourcesBuildPhase;
			buildActionMask = 2147483647;
			files = (
				D8BBCB5B1CB6017300D42CAA /* LaunchScreen.storyboard in Resources */,
				D8BBCB581CB6017300D42CAA /* Assets.xcassets in Resources */,
				D8BBCB561CB6017300D42CAA /* Main.storyboard in Resources */,
			);
			runOnlyForDeploymentPostprocessing = 0;
		};
		D8BBCB5F1CB6017300D42CAA /* Resources */ = {
			isa = PBXResourcesBuildPhase;
			buildActionMask = 2147483647;
			files = (
			);
			runOnlyForDeploymentPostprocessing = 0;
		};
		D8BBCB6A1CB6017400D42CAA /* Resources */ = {
			isa = PBXResourcesBuildPhase;
			buildActionMask = 2147483647;
			files = (
			);
			runOnlyForDeploymentPostprocessing = 0;
		};
/* End PBXResourcesBuildPhase section */

/* Begin PBXSourcesBuildPhase section */
		D8BBCB491CB6017300D42CAA /* Sources */ = {
			isa = PBXSourcesBuildPhase;
			buildActionMask = 2147483647;
			files = (
				D8BBCB531CB6017300D42CAA /* ViewController.swift in Sources */,
				D8BBCB511CB6017300D42CAA /* AppDelegate.swift in Sources */,
			);
			runOnlyForDeploymentPostprocessing = 0;
		};
		D8BBCB5D1CB6017300D42CAA /* Sources */ = {
			isa = PBXSourcesBuildPhase;
			buildActionMask = 2147483647;
			files = (
				D8BBCB661CB6017300D42CAA /* HelloWorldTests.swift in Sources */,
			);
			runOnlyForDeploymentPostprocessing = 0;
		};
		D8BBCB681CB6017400D42CAA /* Sources */ = {
			isa = PBXSourcesBuildPhase;
			buildActionMask = 2147483647;
			files = (
				D8BBCB711CB6017400D42CAA /* HelloWorldUITests.swift in Sources */,
			);
			runOnlyForDeploymentPostprocessing = 0;
		};
/* End PBXSourcesBuildPhase section */

/* Begin PBXTargetDependency section */
		D8BBCB631CB6017300D42CAA /* PBXTargetDependency */ = {
			isa = PBXTargetDependency;
			target = D8BBCB4C1CB6017300D42CAA /* HelloWorld */;
			targetProxy = D8BBCB621CB6017300D42CAA /* PBXContainerItemProxy */;
		};
		D8BBCB6E1CB6017400D42CAA /* PBXTargetDependency */ = {
			isa = PBXTargetDependency;
			target = D8BBCB4C1CB6017300D42CAA /* HelloWorld */;
			targetProxy = D8BBCB6D1CB6017400D42CAA /* PBXContainerItemProxy */;
		};
/* End PBXTargetDependency section */

/* Begin PBXVariantGroup section */
		D8BBCB541CB6017300D42CAA /* Main.storyboard */ = {
			isa = PBXVariantGroup;
			children = (
				D8BBCB551CB6017300D42CAA /* Base */,
				D86F22DC1CB60703001B3BE3 /* en */,
			);
			name = Main.storyboard;
			sourceTree = "<group>";
			usesTabs = 0;
		};
		D8BBCB591CB6017300D42CAA /* LaunchScreen.storyboard */ = {
			isa = PBXVariantGroup;
			children = (
				D8BBCB5A1CB6017300D42CAA /* Base */,
			);
			name = LaunchScreen.storyboard;
			sourceTree = "<group>";
		};
/* End PBXVariantGroup section */

/* Begin XCBuildConfiguration section */
		D8BBCB731CB6017400D42CAA /* Debug */ = {
			isa = XCBuildConfiguration;
			buildSettings = {
				ALWAYS_SEARCH_USER_PATHS = NO;
				CLANG_ANALYZER_NONNULL = YES;
				CLANG_CXX_LANGUAGE_STANDARD = "gnu++0x";
				CLANG_CXX_LIBRARY = "libc++";
				CLANG_ENABLE_MODULES = YES;
				CLANG_ENABLE_OBJC_ARC = YES;
				CLANG_WARN_BOOL_CONVERSION = YES;
				CLANG_WARN_CONSTANT_CONVERSION = YES;
				CLANG_WARN_DIRECT_OBJC_ISA_USAGE = YES_ERROR;
				CLANG_WARN_EMPTY_BODY = YES;
				CLANG_WARN_ENUM_CONVERSION = YES;
				CLANG_WARN_INT_CONVERSION = YES;
				CLANG_WARN_OBJC_ROOT_CLASS = YES_ERROR;
				CLANG_WARN_UNREACHABLE_CODE = YES;
				CLANG_WARN__DUPLICATE_METHOD_MATCH = YES;
				"CODE_SIGN_IDENTITY[sdk=iphoneos*]" = "iPhone Developer";
				COPY_PHASE_STRIP = NO;
				DEBUG_INFORMATION_FORMAT = dwarf;
				ENABLE_STRICT_OBJC_MSGSEND = YES;
				ENABLE_TESTABILITY = YES;
				GCC_C_LANGUAGE_STANDARD = gnu99;
				GCC_DYNAMIC_NO_PIC = NO;
				GCC_NO_COMMON_BLOCKS = YES;
				GCC_OPTIMIZATION_LEVEL = 0;
				GCC_PREPROCESSOR_DEFINITIONS = (
					"DEBUG=1",
					"$(inherited)",
				);
				GCC_WARN_64_TO_32_BIT_CONVERSION = YES;
				GCC_WARN_ABOUT_RETURN_TYPE = YES_ERROR;
				GCC_WARN_UNDECLARED_SELECTOR = YES;
				GCC_WARN_UNINITIALIZED_AUTOS = YES_AGGRESSIVE;
				GCC_WARN_UNUSED_FUNCTION = YES;
				GCC_WARN_UNUSED_VARIABLE = YES;
				IPHONEOS_DEPLOYMENT_TARGET = 9.3;
				MTL_ENABLE_DEBUG_INFO = YES;
				ONLY_ACTIVE_ARCH = YES;
				SDKROOT = iphoneos;
				SWIFT_OPTIMIZATION_LEVEL = "-Onone";
				TARGETED_DEVICE_FAMILY = "1,2";
			};
			name = Debug;
		};
		D8BBCB741CB6017400D42CAA /* Release */ = {
			isa = XCBuildConfiguration;
			buildSettings = {
				ALWAYS_SEARCH_USER_PATHS = NO;
				CLANG_ANALYZER_NONNULL = YES;
				CLANG_CXX_LANGUAGE_STANDARD = "gnu++0x";
				CLANG_CXX_LIBRARY = "libc++";
				CLANG_ENABLE_MODULES = YES;
				CLANG_ENABLE_OBJC_ARC = YES;
				CLANG_WARN_BOOL_CONVERSION = YES;
				CLANG_WARN_CONSTANT_CONVERSION = YES;
				CLANG_WARN_DIRECT_OBJC_ISA_USAGE = YES_ERROR;
				CLANG_WARN_EMPTY_BODY = YES;
				CLANG_WARN_ENUM_CONVERSION = YES;
				CLANG_WARN_INT_CONVERSION = YES;
				CLANG_WARN_OBJC_ROOT_CLASS = YES_ERROR;
				CLANG_WARN_UNREACHABLE_CODE = YES;
				CLANG_WARN__DUPLICATE_METHOD_MATCH = YES;
				"CODE_SIGN_IDENTITY[sdk=iphoneos*]" = "iPhone Developer";
				COPY_PHASE_STRIP = NO;
				DEBUG_INFORMATION_FORMAT = "dwarf-with-dsym";
				ENABLE_NS_ASSERTIONS = NO;
				ENABLE_STRICT_OBJC_MSGSEND = YES;
				GCC_C_LANGUAGE_STANDARD = gnu99;
				GCC_NO_COMMON_BLOCKS = YES;
				GCC_WARN_64_TO_32_BIT_CONVERSION = YES;
				GCC_WARN_ABOUT_RETURN_TYPE = YES_ERROR;
				GCC_WARN_UNDECLARED_SELECTOR = YES;
				GCC_WARN_UNINITIALIZED_AUTOS = YES_AGGRESSIVE;
				GCC_WARN_UNUSED_FUNCTION = YES;
				GCC_WARN_UNUSED_VARIABLE = YES;
				IPHONEOS_DEPLOYMENT_TARGET = 9.3;
				MTL_ENABLE_DEBUG_INFO = NO;
				SDKROOT = iphoneos;
				TARGETED_DEVICE_FAMILY = "1,2";
				VALIDATE_PRODUCT = YES;
			};
			name = Release;
		};
		D8BBCB761CB6017400D42CAA /* Debug */ = {
			isa = XCBuildConfiguration;
			buildSettings = {
				ASSETCATALOG_COMPILER_APPICON_NAME = AppIcon;
				INFOPLIST_FILE = HelloWorld/Info.plist;
				LD_RUNPATH_SEARCH_PATHS = "$(inherited) @executable_path/Frameworks";
				PRODUCT_BUNDLE_IDENTIFIER = com.manaosoftware.HelloWorld;
				PRODUCT_NAME = "$(TARGET_NAME)";
			};
			name = Debug;
		};
		D8BBCB771CB6017400D42CAA /* Release */ = {
			isa = XCBuildConfiguration;
			buildSettings = {
				ASSETCATALOG_COMPILER_APPICON_NAME = AppIcon;
				INFOPLIST_FILE = HelloWorld/Info.plist;
				LD_RUNPATH_SEARCH_PATHS = "$(inherited) @executable_path/Frameworks";
				PRODUCT_BUNDLE_IDENTIFIER = com.manaosoftware.HelloWorld;
				PRODUCT_NAME = "$(TARGET_NAME)";
			};
			name = Release;
		};
		D8BBCB791CB6017400D42CAA /* Debug */ = {
			isa = XCBuildConfiguration;
			buildSettings = {
				BUNDLE_LOADER = "$(TEST_HOST)";
				INFOPLIST_FILE = HelloWorldTests/Info.plist;
				LD_RUNPATH_SEARCH_PATHS = "$(inherited) @executable_path/Frameworks @loader_path/Frameworks";
				PRODUCT_BUNDLE_IDENTIFIER = com.manaosoftware.HelloWorldTests;
				PRODUCT_NAME = "$(TARGET_NAME)";
				TEST_HOST = "$(BUILT_PRODUCTS_DIR)/HelloWorld.app/HelloWorld";
			};
			name = Debug;
		};
		D8BBCB7A1CB6017400D42CAA /* Release */ = {
			isa = XCBuildConfiguration;
			buildSettings = {
				BUNDLE_LOADER = "$(TEST_HOST)";
				INFOPLIST_FILE = HelloWorldTests/Info.plist;
				LD_RUNPATH_SEARCH_PATHS = "$(inherited) @executable_path/Frameworks @loader_path/Frameworks";
				PRODUCT_BUNDLE_IDENTIFIER = com.manaosoftware.HelloWorldTests;
				PRODUCT_NAME = "$(TARGET_NAME)";
				TEST_HOST = "$(BUILT_PRODUCTS_DIR)/HelloWorld.app/HelloWorld";
			};
			name = Release;
		};
		D8BBCB7C1CB6017400D42CAA /* Debug */ = {
			isa = XCBuildConfiguration;
			buildSettings = {
				INFOPLIST_FILE = HelloWorldUITests/Info.plist;
				LD_RUNPATH_SEARCH_PATHS = "$(inherited) @executable_path/Frameworks @loader_path/Frameworks";
				PRODUCT_BUNDLE_IDENTIFIER = com.manaosoftware.HelloWorldUITests;
				PRODUCT_NAME = "$(TARGET_NAME)";
				TEST_TARGET_NAME = HelloWorld;
			};
			name = Debug;
		};
		D8BBCB7D1CB6017400D42CAA /* Release */ = {
			isa = XCBuildConfiguration;
			buildSettings = {
				INFOPLIST_FILE = HelloWorldUITests/Info.plist;
				LD_RUNPATH_SEARCH_PATHS = "$(inherited) @executable_path/Frameworks @loader_path/Frameworks";
				PRODUCT_BUNDLE_IDENTIFIER = com.manaosoftware.HelloWorldUITests;
				PRODUCT_NAME = "$(TARGET_NAME)";
				TEST_TARGET_NAME = HelloWorld;
			};
			name = Release;
		};
/* End XCBuildConfiguration section */

/* Begin XCConfigurationList section */
		D8BBCB481CB6017300D42CAA /* Build configuration list for PBXProject "HelloWorld" */ = {
			isa = XCConfigurationList;
			buildConfigurations = (
				D8BBCB731CB6017400D42CAA /* Debug */,
				D8BBCB741CB6017400D42CAA /* Release */,
			);
			defaultConfigurationIsVisible = 0;
			defaultConfigurationName = Release;
		};
		D8BBCB751CB6017400D42CAA /* Build configuration list for PBXNativeTarget "HelloWorld" */ = {
			isa = XCConfigurationList;
			buildConfigurations = (
				D8BBCB761CB6017400D42CAA /* Debug */,
				D8BBCB771CB6017400D42CAA /* Release */,
			);
			defaultConfigurationIsVisible = 0;
			defaultConfigurationName = Release;
		};
		D8BBCB781CB6017400D42CAA /* Build configuration list for PBXNativeTarget "HelloWorldTests" */ = {
			isa = XCConfigurationList;
			buildConfigurations = (
				D8BBCB791CB6017400D42CAA /* Debug */,
				D8BBCB7A1CB6017400D42CAA /* Release */,
			);
			defaultConfigurationIsVisible = 0;
			defaultConfigurationName = Release;
		};
		D8BBCB7B1CB6017400D42CAA /* Build configuration list for PBXNativeTarget "HelloWorldUITests" */ = {
			isa = XCConfigurationList;
			buildConfigurations = (
				D8BBCB7C1CB6017400D42CAA /* Debug */,
				D8BBCB7D1CB6017400D42CAA /* Release */,
			);
			defaultConfigurationIsVisible = 0;
			defaultConfigurationName = Release;
		};
/* End XCConfigurationList section */
	};
	rootObject = D8BBCB451CB6017300D42CAA /* Project object */;
}
